
Microsoft Visual Studio Solution File, Format Version 12.00
# Visual Studio 2013
VisualStudioVersion = 12.0.40629.0
MinimumVisualStudioVersion = 10.0.40219.1
Project("{FAE04EC0-301F-11D3-BF4B-00C04F79EFBC}") = "Nhom8_DoAnWebBanLaptop_SangT6", "Nhom8_DoAnWebBanLaptop_SangT6\Nhom8_DoAnWebBanLaptop_SangT6.csproj", "{3222661A-BD8F-4A3B-A182-93AC2FB72772}"
EndProject
Global
	GlobalSection(SolutionConfigurationPlatforms) = preSolution
		Debug|Any CPU = Debug|Any CPU
		Release|Any CPU = Release|Any CPU
	EndGlobalSection
	GlobalSection(ProjectConfigurationPlatforms) = postSolution
		{3222661A-BD8F-4A3B-A182-93AC2FB72772}.Debug|Any CPU.ActiveCfg = Debug|Any CPU
		{3222661A-BD8F-4A3B-A182-93AC2FB72772}.Debug|Any CPU.Build.0 = Debug|Any CPU
		{3222661A-BD8F-4A3B-A182-93AC2FB72772}.Release|Any CPU.ActiveCfg = Release|Any CPU
		{3222661A-BD8F-4A3B-A182-93AC2FB72772}.Release|Any CPU.Build.0 = Release|Any CPU
	EndGlobalSection
	GlobalSection(SolutionProperties) = preSolution
		HideSolutionNode = FALSE
	EndGlobalSection
EndGlobal
